
Microsoft Visual Studio Solution File, Format Version 12.00
# Visual Studio Version 16
VisualStudioVersion = 16.0.29009.5
MinimumVisualStudioVersion = 15.0.26124.0
Project("{9A19103F-16F7-4668-BE54-9A1E7A4F7556}") = "Blazor.Material", "src\Blazor.Material\Blazor.Material.csproj", "{A9A113EC-0AFE-48D1-885C-1C86DFE2F275}"
EndProject
Project("{9A19103F-16F7-4668-BE54-9A1E7A4F7556}") = "Blazor.Material.Components.WebApp", "examples\Blazor.Material.Components.WebApp\Blazor.Material.Components.WebApp.csproj", "{D12FAEDE-2F9D-4E3D-8A05-74FC22F5F64A}"
EndProject
Project("{FAE04EC0-301F-11D3-BF4B-00C04F79EFBC}") = "Test.Blazor.Material.Components", "test\Test.Blazor.Material.Components\Test.Blazor.Material.Components.csproj", "{BEB06458-CA0E-4E07-91E8-3C6881AFC750}"
EndProject
Project("{9A19103F-16F7-4668-BE54-9A1E7A4F7556}") = "Blazor.Material.Components", "src\Blazor.Material.Components\Blazor.Material.Components.csproj", "{1A228333-507E-477A-BA21-134E345DE8DB}"
EndProject
Global
	GlobalSection(SolutionConfigurationPlatforms) = preSolution
		Debug|Any CPU = Debug|Any CPU
		Debug|x64 = Debug|x64
		Debug|x86 = Debug|x86
		Release|Any CPU = Release|Any CPU
		Release|x64 = Release|x64
		Release|x86 = Release|x86
	EndGlobalSection
	GlobalSection(ProjectConfigurationPlatforms) = postSolution
		{A9A113EC-0AFE-48D1-885C-1C86DFE2F275}.Debug|Any CPU.ActiveCfg = Debug|Any CPU
		{A9A113EC-0AFE-48D1-885C-1C86DFE2F275}.Debug|Any CPU.Build.0 = Debug|Any CPU
		{A9A113EC-0AFE-48D1-885C-1C86DFE2F275}.Debug|x64.ActiveCfg = Debug|Any CPU
		{A9A113EC-0AFE-48D1-885C-1C86DFE2F275}.Debug|x64.Build.0 = Debug|Any CPU
		{A9A113EC-0AFE-48D1-885C-1C86DFE2F275}.Debug|x86.ActiveCfg = Debug|Any CPU
		{A9A113EC-0AFE-48D1-885C-1C86DFE2F275}.Debug|x86.Build.0 = Debug|Any CPU
		{A9A113EC-0AFE-48D1-885C-1C86DFE2F275}.Release|Any CPU.ActiveCfg = Release|Any CPU
		{A9A113EC-0AFE-48D1-885C-1C86DFE2F275}.Release|Any CPU.Build.0 = Release|Any CPU
		{A9A113EC-0AFE-48D1-885C-1C86DFE2F275}.Release|x64.ActiveCfg = Release|Any CPU
		{A9A113EC-0AFE-48D1-885C-1C86DFE2F275}.Release|x64.Build.0 = Release|Any CPU
		{A9A113EC-0AFE-48D1-885C-1C86DFE2F275}.Release|x86.ActiveCfg = Release|Any CPU
		{A9A113EC-0AFE-48D1-885C-1C86DFE2F275}.Release|x86.Build.0 = Release|Any CPU
		{D12FAEDE-2F9D-4E3D-8A05-74FC22F5F64A}.Debug|Any CPU.ActiveCfg = Debug|Any CPU
		{D12FAEDE-2F9D-4E3D-8A05-74FC22F5F64A}.Debug|Any CPU.Build.0 = Debug|Any CPU
		{D12FAEDE-2F9D-4E3D-8A05-74FC22F5F64A}.Debug|x64.ActiveCfg = Debug|Any CPU
		{D12FAEDE-2F9D-4E3D-8A05-74FC22F5F64A}.Debug|x64.Build.0 = Debug|Any CPU
		{D12FAEDE-2F9D-4E3D-8A05-74FC22F5F64A}.Debug|x86.ActiveCfg = Debug|Any CPU
		{D12FAEDE-2F9D-4E3D-8A05-74FC22F5F64A}.Debug|x86.Build.0 = Debug|Any CPU
		{D12FAEDE-2F9D-4E3D-8A05-74FC22F5F64A}.Release|Any CPU.ActiveCfg = Release|Any CPU
		{D12FAEDE-2F9D-4E3D-8A05-74FC22F5F64A}.Release|Any CPU.Build.0 = Release|Any CPU
		{D12FAEDE-2F9D-4E3D-8A05-74FC22F5F64A}.Release|x64.ActiveCfg = Release|Any CPU
		{D12FAEDE-2F9D-4E3D-8A05-74FC22F5F64A}.Release|x64.Build.0 = Release|Any CPU
		{D12FAEDE-2F9D-4E3D-8A05-74FC22F5F64A}.Release|x86.ActiveCfg = Release|Any CPU
		{D12FAEDE-2F9D-4E3D-8A05-74FC22F5F64A}.Release|x86.Build.0 = Release|Any CPU
		{BEB06458-CA0E-4E07-91E8-3C6881AFC750}.Debug|Any CPU.ActiveCfg = Debug|Any CPU
		{BEB06458-CA0E-4E07-91E8-3C6881AFC750}.Debug|Any CPU.Build.0 = Debug|Any CPU
		{BEB06458-CA0E-4E07-91E8-3C6881AFC750}.Debug|x64.ActiveCfg = Debug|Any CPU
		{BEB06458-CA0E-4E07-91E8-3C6881AFC750}.Debug|x64.Build.0 = Debug|Any CPU
		{BEB06458-CA0E-4E07-91E8-3C6881AFC750}.Debug|x86.ActiveCfg = Debug|Any CPU
		{BEB06458-CA0E-4E07-91E8-3C6881AFC750}.Debug|x86.Build.0 = Debug|Any CPU
		{BEB06458-CA0E-4E07-91E8-3C6881AFC750}.Release|Any CPU.ActiveCfg = Release|Any CPU
		{BEB06458-CA0E-4E07-91E8-3C6881AFC750}.Release|Any CPU.Build.0 = Release|Any CPU
		{BEB06458-CA0E-4E07-91E8-3C6881AFC750}.Release|x64.ActiveCfg = Release|Any CPU
		{BEB06458-CA0E-4E07-91E8-3C6881AFC750}.Release|x64.Build.0 = Release|Any CPU
		{BEB06458-CA0E-4E07-91E8-3C6881AFC750}.Release|x86.ActiveCfg = Release|Any CPU
		{BEB06458-CA0E-4E07-91E8-3C6881AFC750}.Release|x86.Build.0 = Release|Any CPU
		{1A228333-507E-477A-BA21-134E345DE8DB}.Debug|Any CPU.ActiveCfg = Debug|Any CPU
		{1A228333-507E-477A-BA21-134E345DE8DB}.Debug|Any CPU.Build.0 = Debug|Any CPU
		{1A228333-507E-477A-BA21-134E345DE8DB}.Debug|x64.ActiveCfg = Debug|Any CPU
		{1A228333-507E-477A-BA21-134E345DE8DB}.Debug|x64.Build.0 = Debug|Any CPU
		{1A228333-507E-477A-BA21-134E345DE8DB}.Debug|x86.ActiveCfg = Debug|Any CPU
		{1A228333-507E-477A-BA21-134E345DE8DB}.Debug|x86.Build.0 = Debug|Any CPU
		{1A228333-507E-477A-BA21-134E345DE8DB}.Release|Any CPU.ActiveCfg = Release|Any CPU
		{1A228333-507E-477A-BA21-134E345DE8DB}.Release|Any CPU.Build.0 = Release|Any CPU
		{1A228333-507E-477A-BA21-134E345DE8DB}.Release|x64.ActiveCfg = Release|Any CPU
		{1A228333-507E-477A-BA21-134E345DE8DB}.Release|x64.Build.0 = Release|Any CPU
		{1A228333-507E-477A-BA21-134E345DE8DB}.Release|x86.ActiveCfg = Release|Any CPU
		{1A228333-507E-477A-BA21-134E345DE8DB}.Release|x86.Build.0 = Release|Any CPU
	EndGlobalSection
	GlobalSection(SolutionProperties) = preSolution
		HideSolutionNode = FALSE
	EndGlobalSection
	GlobalSection(ExtensibilityGlobals) = postSolution
		SolutionGuid = {4844E325-ED6C-4D2D-80D6-FD90821AB0D1}
	EndGlobalSection
EndGlobal
